PODS:
  - Alamofire (4.8.0)
  - GoodSwift (0.9.0):
    - Alamofire (~> 4.5)
    - Unbox (~> 2.5)
  - Unbox (2.5.0)

DEPENDENCIES:
  - GoodSwift (from `../GoodSwift.podspec`)

SPEC REPOS:
  https://github.com/cocoapods/specs.git:
    - Alamofire
    - Unbox

EXTERNAL SOURCES:
  GoodSwift:
    :path: "../GoodSwift.podspec"

SPEC CHECKSUMS:
  Alamofire: 3ec537f71edc9804815215393ae2b1a8ea33a844
  GoodSwift: e6f0c72ca5fd907d64286bc42f07e107ad110c22
  Unbox: 30e437e6151a6de16139375fd4e8dd9a664cfbf7

PODFILE CHECKSUM: 89837cea4b51761f8931ea1a62ada58c8930da68

COCOAPODS: 1.5.3
